name: Lead space - block
website_url: >-
  https://www.ibm.com/standards/web/ibm-dotcom-library/components/lead-space-block
code_url: >-
  https://github.com/carbon-design-system/ibm-dotcom-library/tree/master/packages/react/src/components/LeadSpaceBlock
maintainer: IBM.com
description: >-
  Lead space — block is an alternative to the Lead space. The Lead space — block
  can be used to engage visitors immediately in one of the most important
  moments in the user’s journey through a complex web environment.
framework: React
platform: Web
availability: IBM Internal
aliases:
  - orientation
  - engagement
date_added: 2020-09-23T00:00:00.000Z
